
Microsoft Visual Studio Solution File, Format Version 12.00
# Visual Studio Version 17
VisualStudioVersion = 17.4.33110.190
MinimumVisualStudioVersion = 10.0.40219.1
Project("{FAE04EC0-301F-11D3-BF4B-00C04F79EFBC}") = "FirstLab", "FirstLab\FirstLab.csproj", "{5372E53F-026E-4588-97EE-9A12320AFD2B}"
EndProject
Global
	GlobalSection(SolutionConfigurationPlatforms) = preSolution
		Debug|Any CPU = Debug|Any CPU
		Release|Any CPU = Release|Any CPU
	EndGlobalSection
	GlobalSection(ProjectConfigurationPlatforms) = postSolution
		{5372E53F-026E-4588-97EE-9A12320AFD2B}.Debug|Any CPU.ActiveCfg = Debug|Any CPU
		{5372E53F-026E-4588-97EE-9A12320AFD2B}.Debug|Any CPU.Build.0 = Debug|Any CPU
		{5372E53F-026E-4588-97EE-9A12320AFD2B}.Release|Any CPU.ActiveCfg = Release|Any CPU
		{5372E53F-026E-4588-97EE-9A12320AFD2B}.Release|Any CPU.Build.0 = Release|Any CPU
	EndGlobalSection
	GlobalSection(SolutionProperties) = preSolution
		HideSolutionNode = FALSE
	EndGlobalSection
	GlobalSection(ExtensibilityGlobals) = postSolution
		SolutionGuid = {5C518EBA-A3C4-4C9A-A13D-CF8E2755637E}
	EndGlobalSection
EndGlobal
